lockfileVersion: '9.0'

settings:
  autoInstallPeers: true
  excludeLinksFromLockfile: false

overrides:
  '@ai-sdk/provider': 1.0.6

patchedDependencies:
  '@ai-sdk/provider-utils@2.1.2':
    hash: 4345ewzxou33gwd42vunudh27a
    path: patches/@ai-sdk__provider-utils@2.1.2.patch

importers:

  .:
    dependencies:
      '@ai-sdk/openai':
        specifier: ^1.1.2
        version: 1.1.2(zod@3.24.1)
      '@statelyai/agent':
        specifier: ^1.1.6
        version: 1.1.6(react@19.0.0)(sswr@2.1.0(svelte@5.19.2))(svelte@5.19.2)(vue@3.5.13)(zod@3.24.1)
      ai:
        specifier: ^4.1.25
        version: 4.1.25(react@19.0.0)(zod@3.24.1)
      ollama-ai-provider:
        specifier: ^1.2.0
        version: 1.2.0(zod@3.24.1)
      xstate:
        specifier: ^5.19.2
        version: 5.19.2
      zod:
        specifier: ^3.24.1
        version: 3.24.1
    devDependencies:
      '@types/node':
        specifier: ^22.13.1
        version: 22.13.1
      tsx:
        specifier: ^4.19.2
        version: 4.19.2

packages:

  '@ai-sdk/openai@0.0.40':
    resolution: {integrity: sha512-9Iq1UaBHA5ZzNv6j3govuKGXrbrjuWvZIgWNJv4xzXlDMHu9P9hnqlBr/Aiay54WwCuTVNhTzAUTfFgnTs2kbQ==}
    engines: {node: '>=18'}
    peerDependencies:
      zod: ^3.0.0

  '@ai-sdk/openai@1.1.2':
    resolution: {integrity: sha512-9rfcwjl4g1/Bdr2SmgFQr+aw81r62MvIKE7QDHMC4ulFd/Hej2oClROSMpDFZHXzs7RGeb32VkRyCHUWWgN3RQ==}
    engines: {node: '>=18'}
    peerDependencies:
      zod: ^3.0.0

  '@ai-sdk/provider-utils@1.0.22':
    resolution: {integrity: sha512-YHK2rpj++wnLVc9vPGzGFP3Pjeld2MwhKinetA0zKXOoHAT/Jit5O8kZsxcSlJPu9wvcGT1UGZEjZrtO7PfFOQ==}
    engines: {node: '>=18'}
    peerDependencies:
      zod: ^3.0.0
    peerDependenciesMeta:
      zod:
        optional: true

  '@ai-sdk/provider-utils@1.0.5':
    resolution: {integrity: sha512-XfOawxk95X3S43arn2iQIFyWGMi0DTxsf9ETc6t7bh91RPWOOPYN1tsmS5MTKD33OGJeaDQ/gnVRzXUCRBrckQ==}
    engines: {node: '>=18'}
    peerDependencies:
      zod: ^3.0.0
    peerDependenciesMeta:
      zod:
        optional: true

  '@ai-sdk/provider-utils@2.1.2':
    resolution: {integrity: sha512-ezpQT6kzy/2O4yyn/2YigMqynBYjZIOam3/EMNVzju+Ogj+Z+pf27c/Th78ce0A2ltgrXx6xN14sal/HHZNOOw==}
    engines: {node: '>=18'}
    peerDependencies:
      zod: ^3.0.0
    peerDependenciesMeta:
      zod:
        optional: true

  '@ai-sdk/provider-utils@2.1.6':
    resolution: {integrity: sha512-Pfyaj0QZS22qyVn5Iz7IXcJ8nKIKlu2MeSAdKJzTwkAks7zdLaKVB+396Rqcp1bfQnxl7vaduQVMQiXUrgK8Gw==}
    engines: {node: '>=18'}
    peerDependencies:
      zod: ^3.0.0
    peerDependenciesMeta:
      zod:
        optional: true

  '@ai-sdk/provider@1.0.6':
    resolution: {integrity: sha512-hwj/gFNxpDgEfTaYzCYoslmw01IY9kWLKl/wf8xuPvHtQIzlfXWmmUwc8PnCwxyt8cKzIuV0dfUghCf68HQ0SA==}
    engines: {node: '>=18'}

  '@ai-sdk/react@0.0.70':
    resolution: {integrity: sha512-GnwbtjW4/4z7MleLiW+TOZC2M29eCg1tOUpuEiYFMmFNZK8mkrqM0PFZMo6UsYeUYMWqEOOcPOU9OQVJMJh7IQ==}
    engines: {node: '>=18'}
    peerDependencies:
      react: ^18 || ^19 || ^19.0.0-rc
      zod: ^3.0.0
    peerDependenciesMeta:
      react:
        optional: true
      zod:
        optional: true

  '@ai-sdk/react@1.1.10':
    resolution: {integrity: sha512-RTkEVYKq7qO6Ct3XdVTgbaCTyjX+q1HLqb+t2YvZigimzMCQbHkpZCtt2H2Fgpt1UOTqnAAlXjEAgTW3X60Y9g==}
    engines: {node: '>=18'}
    peerDependencies:
      react: ^18 || ^19 || ^19.0.0-rc
      zod: ^3.0.0
    peerDependenciesMeta:
      react:
        optional: true
      zod:
        optional: true

  '@ai-sdk/solid@0.0.54':
    resolution: {integrity: sha512-96KWTVK+opdFeRubqrgaJXoNiDP89gNxFRWUp0PJOotZW816AbhUf4EnDjBjXTLjXL1n0h8tGSE9sZsRkj9wQQ==}
    engines: {node: '>=18'}
    peerDependencies:
      solid-js: ^1.7.7
    peerDependenciesMeta:
      solid-js:
        optional: true

  '@ai-sdk/svelte@0.0.57':
    resolution: {integrity: sha512-SyF9ItIR9ALP9yDNAD+2/5Vl1IT6kchgyDH8xkmhysfJI6WrvJbtO1wdQ0nylvPLcsPoYu+cAlz1krU4lFHcYw==}
    engines: {node: '>=18'}
    peerDependencies:
      svelte: ^3.0.0 || ^4.0.0 || ^5.0.0
    peerDependenciesMeta:
      svelte:
        optional: true

  '@ai-sdk/ui-utils@0.0.50':
    resolution: {integrity: sha512-Z5QYJVW+5XpSaJ4jYCCAVG7zIAuKOOdikhgpksneNmKvx61ACFaf98pmOd+xnjahl0pIlc/QIe6O4yVaJ1sEaw==}
    engines: {node: '>=18'}
    peerDependencies:
      zod: ^3.0.0
    peerDependenciesMeta:
      zod:
        optional: true

  '@ai-sdk/ui-utils@1.1.10':
    resolution: {integrity: sha512-x+A1Nfy8RTSatdCe+7nRpHAZVzPFB6H+r+2JKoapSvrwsu9mw2pAbmFgV8Zaj94TsmUdTlO0/j97e63f+yYuWg==}
    engines: {node: '>=18'}
    peerDependencies:
      zod: ^3.0.0
    peerDependenciesMeta:
      zod:
        optional: true

  '@ai-sdk/vue@0.0.59':
    resolution: {integrity: sha512-+ofYlnqdc8c4F6tM0IKF0+7NagZRAiqBJpGDJ+6EYhDW8FHLUP/JFBgu32SjxSxC6IKFZxEnl68ZoP/Z38EMlw==}
    engines: {node: '>=18'}
    peerDependencies:
      vue: ^3.3.4
    peerDependenciesMeta:
      vue:
        optional: true

  '@ampproject/remapping@2.3.0':
    resolution: {integrity: sha512-30iZtAPgz+LTIYoeivqYo853f02jBYSd5uGnGpkFV0M3xOt9aN73erkgYAmZU43x4VfqcnLxW9Kpg3R5LC4YYw==}
    engines: {node: '>=6.0.0'}

  '@babel/helper-string-parser@7.25.9':
    resolution: {integrity: sha512-4A/SCr/2KLd5jrtOMFzaKjVtAei3+2r/NChoBNoZ3EyP/+GlhoaEGoWOZUmFmoITP7zOJyHIMm+DYRd8o3PvHA==}
    engines: {node: '>=6.9.0'}

  '@babel/helper-validator-identifier@7.25.9':
    resolution: {integrity: sha512-Ed61U6XJc3CVRfkERJWDz4dJwKe7iLmmJsbOGu9wSloNSFttHV0I8g6UAgb7qnK5ly5bGLPd4oXZlxCdANBOWQ==}
    engines: {node: '>=6.9.0'}

  '@babel/parser@7.26.5':
    resolution: {integrity: sha512-SRJ4jYmXRqV1/Xc+TIVG84WjHBXKlxO9sHQnA2Pf12QQEAp1LOh6kDzNHXcUnbH1QI0FDoPPVOt+vyUDucxpaw==}
    engines: {node: '>=6.0.0'}
    hasBin: true

  '@babel/types@7.26.5':
    resolution: {integrity: sha512-L6mZmwFDK6Cjh1nRCLXpa6no13ZIioJDz7mdkzHv399pThrTa/k0nUlNaenOeh2kWu/iaOQYElEpKPUswUa9Vg==}
    engines: {node: '>=6.9.0'}

  '@esbuild/aix-ppc64@0.23.1':
    resolution: {integrity: sha512-6VhYk1diRqrhBAqpJEdjASR/+WVRtfjpqKuNw11cLiaWpAT/Uu+nokB+UJnevzy/P9C/ty6AOe0dwueMrGh/iQ==}
    engines: {node: '>=18'}
    cpu: [ppc64]
    os: [aix]

  '@esbuild/android-arm64@0.23.1':
    resolution: {integrity: sha512-xw50ipykXcLstLeWH7WRdQuysJqejuAGPd30vd1i5zSyKK3WE+ijzHmLKxdiCMtH1pHz78rOg0BKSYOSB/2Khw==}
    engines: {node: '>=18'}
    cpu: [arm64]
    os: [android]

  '@esbuild/android-arm@0.23.1':
    resolution: {integrity: sha512-uz6/tEy2IFm9RYOyvKl88zdzZfwEfKZmnX9Cj1BHjeSGNuGLuMD1kR8y5bteYmwqKm1tj8m4cb/aKEorr6fHWQ==}
    engines: {node: '>=18'}
    cpu: [arm]
    os: [android]

  '@esbuild/android-x64@0.23.1':
    resolution: {integrity: sha512-nlN9B69St9BwUoB+jkyU090bru8L0NA3yFvAd7k8dNsVH8bi9a8cUAUSEcEEgTp2z3dbEDGJGfP6VUnkQnlReg==}
    engines: {node: '>=18'}
    cpu: [x64]
    os: [android]

  '@esbuild/darwin-arm64@0.23.1':
    resolution: {integrity: sha512-YsS2e3Wtgnw7Wq53XXBLcV6JhRsEq8hkfg91ESVadIrzr9wO6jJDMZnCQbHm1Guc5t/CdDiFSSfWP58FNuvT3Q==}
    engines: {node: '>=18'}
    cpu: [arm64]
    os: [darwin]

  '@esbuild/darwin-x64@0.23.1':
    resolution: {integrity: sha512-aClqdgTDVPSEGgoCS8QDG37Gu8yc9lTHNAQlsztQ6ENetKEO//b8y31MMu2ZaPbn4kVsIABzVLXYLhCGekGDqw==}
    engines: {node: '>=18'}
    cpu: [x64]
    os: [darwin]

  '@esbuild/freebsd-arm64@0.23.1':
    resolution: {integrity: sha512-h1k6yS8/pN/NHlMl5+v4XPfikhJulk4G+tKGFIOwURBSFzE8bixw1ebjluLOjfwtLqY0kewfjLSrO6tN2MgIhA==}
    engines: {node: '>=18'}
    cpu: [arm64]
    os: [freebsd]

  '@esbuild/freebsd-x64@0.23.1':
    resolution: {integrity: sha512-lK1eJeyk1ZX8UklqFd/3A60UuZ/6UVfGT2LuGo3Wp4/z7eRTRYY+0xOu2kpClP+vMTi9wKOfXi2vjUpO1Ro76g==}
    engines: {node: '>=18'}
    cpu: [x64]
    os: [freebsd]

  '@esbuild/linux-arm64@0.23.1':
    resolution: {integrity: sha512-/93bf2yxencYDnItMYV/v116zff6UyTjo4EtEQjUBeGiVpMmffDNUyD9UN2zV+V3LRV3/on4xdZ26NKzn6754g==}
    engines: {node: '>=18'}
    cpu: [arm64]
    os: [linux]

  '@esbuild/linux-arm@0.23.1':
    resolution: {integrity: sha512-CXXkzgn+dXAPs3WBwE+Kvnrf4WECwBdfjfeYHpMeVxWE0EceB6vhWGShs6wi0IYEqMSIzdOF1XjQ/Mkm5d7ZdQ==}
    engines: {node: '>=18'}
    cpu: [arm]
    os: [linux]

  '@esbuild/linux-ia32@0.23.1':
    resolution: {integrity: sha512-VTN4EuOHwXEkXzX5nTvVY4s7E/Krz7COC8xkftbbKRYAl96vPiUssGkeMELQMOnLOJ8k3BY1+ZY52tttZnHcXQ==}
    engines: {node: '>=18'}
    cpu: [ia32]
    os: [linux]

  '@esbuild/linux-loong64@0.23.1':
    resolution: {integrity: sha512-Vx09LzEoBa5zDnieH8LSMRToj7ir/Jeq0Gu6qJ/1GcBq9GkfoEAoXvLiW1U9J1qE/Y/Oyaq33w5p2ZWrNNHNEw==}
    engines: {node: '>=18'}
    cpu: [loong64]
    os: [linux]

  '@esbuild/linux-mips64el@0.23.1':
    resolution: {integrity: sha512-nrFzzMQ7W4WRLNUOU5dlWAqa6yVeI0P78WKGUo7lg2HShq/yx+UYkeNSE0SSfSure0SqgnsxPvmAUu/vu0E+3Q==}
    engines: {node: '>=18'}
    cpu: [mips64el]
    os: [linux]

  '@esbuild/linux-ppc64@0.23.1':
    resolution: {integrity: sha512-dKN8fgVqd0vUIjxuJI6P/9SSSe/mB9rvA98CSH2sJnlZ/OCZWO1DJvxj8jvKTfYUdGfcq2dDxoKaC6bHuTlgcw==}
    engines: {node: '>=18'}
    cpu: [ppc64]
    os: [linux]

  '@esbuild/linux-riscv64@0.23.1':
    resolution: {integrity: sha512-5AV4Pzp80fhHL83JM6LoA6pTQVWgB1HovMBsLQ9OZWLDqVY8MVobBXNSmAJi//Csh6tcY7e7Lny2Hg1tElMjIA==}
    engines: {node: '>=18'}
    cpu: [riscv64]
    os: [linux]

  '@esbuild/linux-s390x@0.23.1':
    resolution: {integrity: sha512-9ygs73tuFCe6f6m/Tb+9LtYxWR4c9yg7zjt2cYkjDbDpV/xVn+68cQxMXCjUpYwEkze2RcU/rMnfIXNRFmSoDw==}
    engines: {node: '>=18'}
    cpu: [s390x]
    os: [linux]

  '@esbuild/linux-x64@0.23.1':
    resolution: {integrity: sha512-EV6+ovTsEXCPAp58g2dD68LxoP/wK5pRvgy0J/HxPGB009omFPv3Yet0HiaqvrIrgPTBuC6wCH1LTOY91EO5hQ==}
    engines: {node: '>=18'}
    cpu: [x64]
    os: [linux]

  '@esbuild/netbsd-x64@0.23.1':
    resolution: {integrity: sha512-aevEkCNu7KlPRpYLjwmdcuNz6bDFiE7Z8XC4CPqExjTvrHugh28QzUXVOZtiYghciKUacNktqxdpymplil1beA==}
    engines: {node: '>=18'}
    cpu: [x64]
    os: [netbsd]

  '@esbuild/openbsd-arm64@0.23.1':
    resolution: {integrity: sha512-3x37szhLexNA4bXhLrCC/LImN/YtWis6WXr1VESlfVtVeoFJBRINPJ3f0a/6LV8zpikqoUg4hyXw0sFBt5Cr+Q==}
    engines: {node: '>=18'}
    cpu: [arm64]
    os: [openbsd]

  '@esbuild/openbsd-x64@0.23.1':
    resolution: {integrity: sha512-aY2gMmKmPhxfU+0EdnN+XNtGbjfQgwZj43k8G3fyrDM/UdZww6xrWxmDkuz2eCZchqVeABjV5BpildOrUbBTqA==}
    engines: {node: '>=18'}
    cpu: [x64]
    os: [openbsd]

  '@esbuild/sunos-x64@0.23.1':
    resolution: {integrity: sha512-RBRT2gqEl0IKQABT4XTj78tpk9v7ehp+mazn2HbUeZl1YMdaGAQqhapjGTCe7uw7y0frDi4gS0uHzhvpFuI1sA==}
    engines: {node: '>=18'}
    cpu: [x64]
    os: [sunos]

  '@esbuild/win32-arm64@0.23.1':
    resolution: {integrity: sha512-4O+gPR5rEBe2FpKOVyiJ7wNDPA8nGzDuJ6gN4okSA1gEOYZ67N8JPk58tkWtdtPeLz7lBnY6I5L3jdsr3S+A6A==}
    engines: {node: '>=18'}
    cpu: [arm64]
    os: [win32]

  '@esbuild/win32-ia32@0.23.1':
    resolution: {integrity: sha512-BcaL0Vn6QwCwre3Y717nVHZbAa4UBEigzFm6VdsVdT/MbZ38xoj1X9HPkZhbmaBGUD1W8vxAfffbDe8bA6AKnQ==}
    engines: {node: '>=18'}
    cpu: [ia32]
    os: [win32]

  '@esbuild/win32-x64@0.23.1':
    resolution: {integrity: sha512-BHpFFeslkWrXWyUPnbKm+xYYVYruCinGcftSBaa8zoF9hZO4BcSCFUvHVTtzpIY6YzUnYtuEhZ+C9iEXjxnasg==}
    engines: {node: '>=18'}
    cpu: [x64]
    os: [win32]

  '@jridgewell/gen-mapping@0.3.8':
    resolution: {integrity: sha512-imAbBGkb+ebQyxKgzv5Hu2nmROxoDOXHh80evxdoXNOrvAnVx7zimzc1Oo5h9RlfV4vPXaE2iM5pOFbvOCClWA==}
    engines: {node: '>=6.0.0'}

  '@jridgewell/resolve-uri@3.1.2':
    resolution: {integrity: sha512-bRISgCIjP20/tbWSPWMEi54QVPRZExkuD9lJL+UIxUKtwVJA8wW1Trb1jMs1RFXo1CBTNZ/5hpC9QvmKWdopKw==}
    engines: {node: '>=6.0.0'}

  '@jridgewell/set-array@1.2.1':
    resolution: {integrity: sha512-R8gLRTZeyp03ymzP/6Lil/28tGeGEzhx1q2k703KGWRAI1VdvPIXdG70VJc2pAMw3NA6JKL5hhFu1sJX0Mnn/A==}
    engines: {node: '>=6.0.0'}

  '@jridgewell/sourcemap-codec@1.5.0':
    resolution: {integrity: sha512-gv3ZRaISU3fjPAgNsriBRqGWQL6quFx04YMPW/zD8XMLsU32mhCCbfbO6KZFLjvYpCZ8zyDEgqsgf+PwPaM7GQ==}

  '@jridgewell/trace-mapping@0.3.25':
    resolution: {integrity: sha512-vNk6aEwybGtawWmy/PzwnGDOjCkLWSD2wqvjGGAgOAwCGWySYXfYoxt00IJkTF+8Lb57DwOb3Aa0o9CApepiYQ==}

  '@opentelemetry/api@1.9.0':
    resolution: {integrity: sha512-3giAOQvZiH5F9bMlMiv8+GSPMeqg0dbaeo58/0SlA9sxSqZhnUtxzX9/2FzyhS9sWQf5S0GJE0AKBrFqjpeYcg==}
    engines: {node: '>=8.0.0'}

  '@statelyai/agent@1.1.6':
    resolution: {integrity: sha512-vVohR8+d9kkVuKMn5wqgfZRqn+rA6yIRDwSKb+lyirObZU3SsiRhUHDLPK1Aa1bSvZuTblf7igAxAE1gIqlJEQ==}

  '@types/diff-match-patch@1.0.36':
    resolution: {integrity: sha512-xFdR6tkm0MWvBfO8xXCSsinYxHcqkQUlcHeSpMC2ukzOb6lwQAfDmW+Qt0AvlGd8HpsS28qKsB+oPeJn9I39jg==}

  '@types/estree@1.0.6':
    resolution: {integrity: sha512-AYnb1nQyY49te+VRAVgmzfcgjYS91mY5P0TKUDCLEM+gNnA+3T6rWITXRLYCpahpqSQbN5cE+gHpnPyXjHWxcw==}

  '@types/node@22.13.1':
    resolution: {integrity: sha512-jK8uzQlrvXqEU91UxiK5J7pKHyzgnI1Qnl0QDHIgVGuolJhRb9EEl28Cj9b3rGR8B2lhFCtvIm5os8lFnO/1Ew==}

  '@vue/compiler-core@3.5.13':
    resolution: {integrity: sha512-oOdAkwqUfW1WqpwSYJce06wvt6HljgY3fGeM9NcVA1HaYOij3mZG9Rkysn0OHuyUAGMbEbARIpsG+LPVlBJ5/Q==}

  '@vue/compiler-dom@3.5.13':
    resolution: {integrity: sha512-ZOJ46sMOKUjO3e94wPdCzQ6P1Lx/vhp2RSvfaab88Ajexs0AHeV0uasYhi99WPaogmBlRHNRuly8xV75cNTMDA==}

  '@vue/compiler-sfc@3.5.13':
    resolution: {integrity: sha512-6VdaljMpD82w6c2749Zhf5T9u5uLBWKnVue6XWxprDobftnletJ8+oel7sexFfM3qIxNmVE7LSFGTpv6obNyaQ==}

  '@vue/compiler-ssr@3.5.13':
    resolution: {integrity: sha512-wMH6vrYHxQl/IybKJagqbquvxpWCuVYpoUJfCqFZwa/JY1GdATAQ+TgVtgrwwMZ0D07QhA99rs/EAAWfvG6KpA==}

  '@vue/reactivity@3.5.13':
    resolution: {integrity: sha512-NaCwtw8o48B9I6L1zl2p41OHo/2Z4wqYGGIK1Khu5T7yxrn+ATOixn/Udn2m+6kZKB/J7cuT9DbWWhRxqixACg==}

  '@vue/runtime-core@3.5.13':
    resolution: {integrity: sha512-Fj4YRQ3Az0WTZw1sFe+QDb0aXCerigEpw418pw1HBUKFtnQHWzwojaukAs2X/c9DQz4MQ4bsXTGlcpGxU/RCIw==}

  '@vue/runtime-dom@3.5.13':
    resolution: {integrity: sha512-dLaj94s93NYLqjLiyFzVs9X6dWhTdAlEAciC3Moq7gzAc13VJUdCnjjRurNM6uTLFATRHexHCTu/Xp3eW6yoog==}

  '@vue/server-renderer@3.5.13':
    resolution: {integrity: sha512-wAi4IRJV/2SAW3htkTlB+dHeRmpTiVIK1OGLWV1yeStVSebSQQOwGwIq0D3ZIoBj2C2qpgz5+vX9iEBkTdk5YA==}
    peerDependencies:
      vue: 3.5.13

  '@vue/shared@3.5.13':
    resolution: {integrity: sha512-/hnE/qP5ZoGpol0a5mDi45bOd7t3tjYJBjsgCsivow7D48cJeV5l05RD82lPqi7gRiphZM37rnhW1l6ZoCNNnQ==}

  '@xstate/graph@2.0.1':
    resolution: {integrity: sha512-WWfL97yvyVISbmetqrspd6mUn13UKoHZ+/FBSU17n+YPdMrYnKaP8UDe/HjNoZAVYsR3wuQLoitTW9cxud0DIA==}
    peerDependencies:
      xstate: ^5.18.2

  acorn-typescript@1.4.13:
    resolution: {integrity: sha512-xsc9Xv0xlVfwp2o7sQ+GCQ1PgbkdcpWdTzrwXxO3xDMTAywVS3oXVOcOHuRjAPkS4P9b+yc/qNF15460v+jp4Q==}
    peerDependencies:
      acorn: '>=8.9.0'

  acorn@8.14.0:
    resolution: {integrity: sha512-cl669nCJTZBsL97OF4kUQm5g5hC2uihk0NxY3WENAC0TYdILVkAyHymAntgxGkl7K+t0cXIrH5siy5S4XkFycA==}
    engines: {node: '>=0.4.0'}
    hasBin: true

  ai@3.4.33:
    resolution: {integrity: sha512-plBlrVZKwPoRTmM8+D1sJac9Bq8eaa2jiZlHLZIWekKWI1yMWYZvCCEezY9ASPwRhULYDJB2VhKOBUUeg3S5JQ==}
    engines: {node: '>=18'}
    peerDependencies:
      openai: ^4.42.0
      react: ^18 || ^19 || ^19.0.0-rc
      sswr: ^2.1.0
      svelte: ^3.0.0 || ^4.0.0 || ^5.0.0
      zod: ^3.0.0
    peerDependenciesMeta:
      openai:
        optional: true
      react:
        optional: true
      sswr:
        optional: true
      svelte:
        optional: true
      zod:
        optional: true

  ai@4.1.25:
    resolution: {integrity: sha512-gBdx5QqM3EK97F9/opVicP3WMHfiR0/cc96xdNnsFLpcuPBXPtm6lcK56G6ok19+NZggnVcS+KIHzFtp0aHC+g==}
    engines: {node: '>=18'}
    peerDependencies:
      react: ^18 || ^19 || ^19.0.0-rc
      zod: ^3.0.0
    peerDependenciesMeta:
      react:
        optional: true
      zod:
        optional: true

  aria-query@5.3.2:
    resolution: {integrity: sha512-COROpnaoap1E2F000S62r6A60uHZnmlvomhfyT2DlTcrY1OrBKn2UhH7qn5wTC9zMvD0AY7csdPSNwKP+7WiQw==}
    engines: {node: '>= 0.4'}

  axobject-query@4.1.0:
    resolution: {integrity: sha512-qIj0G9wZbMGNLjLmg1PT6v2mE9AH2zlnADJD/2tC6E00hgmhUOfEB6greHPAfLRSufHqROIUTkw6E+M3lH0PTQ==}
    engines: {node: '>= 0.4'}

  chalk@5.4.1:
    resolution: {integrity: sha512-zgVZuo2WcZgfUEmsn6eO3kINexW8RAE4maiQ8QNs8CtpPCSyMiYsULR3HQYkm3w8FIA3SberyMJMSldGsW+U3w==}
    engines: {node: ^12.17.0 || ^14.13 || >=16.0.0}

  clsx@2.1.1:
    resolution: {integrity: sha512-eYm0QWBtUrBWZWG0d386OGAw16Z995PiOVo2B7bjWSbHedGl5e0ZWaq65kOGgUSNesEIDkB9ISbTg/JK9dhCZA==}
    engines: {node: '>=6'}

  csstype@3.1.3:
    resolution: {integrity: sha512-M1uQkMl8rQK/szD0LNhtqxIPLpimGm8sOBwU7lLnCpSbTyY3yeU1Vc7l4KT5zT4s/yOxHH5O7tIuuLOCnLADRw==}

  dequal@2.0.3:
    resolution: {integrity: sha512-0je+qPKHEMohvfRTCEo3CrPG6cAzAYgmzKyxRiYSSDkS6eGJdyVJm7WaYA5ECaAD9wLB2T4EEeymA5aFVcYXCA==}
    engines: {node: '>=6'}

  diff-match-patch@1.0.5:
    resolution: {integrity: sha512-IayShXAgj/QMXgB0IWmKx+rOPuGMhqm5w6jvFxmVenXKIzRqTAAsbBPT3kWQeGANj3jGgvcvv4yK6SxqYmikgw==}

  entities@4.5.0:
    resolution: {integrity: sha512-V0hjH4dGPh9Ao5p0MoRY6BVqtwCjhz6vI5LT8AJ55H+4g9/4vbHx1I54fS0XuclLhDHArPQCiMjDxjaL8fPxhw==}
    engines: {node: '>=0.12'}

  esbuild@0.23.1:
    resolution: {integrity: sha512-VVNz/9Sa0bs5SELtn3f7qhJCDPCF5oMEl5cO9/SSinpE9hbPVvxbd572HH5AKiP7WD8INO53GgfDDhRjkylHEg==}
    engines: {node: '>=18'}
    hasBin: true

  esm-env@1.2.2:
    resolution: {integrity: sha512-Epxrv+Nr/CaL4ZcFGPJIYLWFom+YeV1DqMLHJoEd9SYRxNbaFruBwfEX/kkHUJf55j2+TUbmDcmuilbP1TmXHA==}

  esrap@1.4.3:
    resolution: {integrity: sha512-Xddc1RsoFJ4z9nR7W7BFaEPIp4UXoeQ0+077UdWLxbafMQFyU79sQJMk7kxNgRwQ9/aVgaKacCHC2pUACGwmYw==}

  estree-walker@2.0.2:
    resolution: {integrity: sha512-Rfkk/Mp/DL7JVje3u18FxFujQlTNR2q6QfMSMB7AvCBx91NGj/ba3kCfza0f6dVDbw7YlRf/nDrn7pQrCCyQ/w==}

  eventsource-parser@1.1.2:
    resolution: {integrity: sha512-v0eOBUbiaFojBu2s2NPBfYUoRR9GjcDNvCXVaqEf5vVfpIAh9f8RCo4vXTP8c63QRKCFwoLpMpTdPwwhEKVgzA==}
    engines: {node: '>=14.18'}

  eventsource-parser@3.0.0:
    resolution: {integrity: sha512-T1C0XCUimhxVQzW4zFipdx0SficT651NnkR0ZSH3yQwh+mFMdLfgjABVi4YtMTtaL4s168593DaoaRLMqryavA==}
    engines: {node: '>=18.0.0'}

  fsevents@2.3.3:
    resolution: {integrity: sha512-5xoDfX+fL7faATnagmWPpbFtwh/R77WmMMqqHGS65C3vvB0YHrgF+B1YmZ3441tMj5n63k0212XNoJwzlhffQw==}
    engines: {node: ^8.16.0 || ^10.6.0 || >=11.0.0}
    os: [darwin]

  get-tsconfig@4.10.0:
    resolution: {integrity: sha512-kGzZ3LWWQcGIAmg6iWvXn0ei6WDtV26wzHRMwDSzmAbcXrTEXxHy6IehI6/4eT6VRKyMP1eF1VqwrVUmE/LR7A==}

  is-reference@3.0.3:
    resolution: {integrity: sha512-ixkJoqQvAP88E6wLydLGGqCJsrFUnqoH6HnaczB8XmDH1oaWU+xxdptvikTgaEhtZ53Ky6YXiBuUI2WXLMCwjw==}

  json-schema@0.4.0:
    resolution: {integrity: sha512-es94M3nTIfsEPisRafak+HDLfHXnKBhV3vU5eqPcS3flIWqcxJWgXHXiey3YrpaNsanY5ei1VoYEbOzijuq9BA==}

  jsondiffpatch@0.6.0:
    resolution: {integrity: sha512-3QItJOXp2AP1uv7waBkao5nCvhEv+QmJAd38Ybq7wNI74Q+BBmnLn4EDKz6yI9xGAIQoUF87qHt+kc1IVxB4zQ==}
    engines: {node: ^18.0.0 || >=20.0.0}
    hasBin: true

  locate-character@3.0.0:
    resolution: {integrity: sha512-SW13ws7BjaeJ6p7Q6CO2nchbYEc3X3J6WrmTTDto7yMPqVSZTUyY5Tjbid+Ab8gLnATtygYtiDIJGQRRn2ZOiA==}

  magic-string@0.30.17:
    resolution: {integrity: sha512-sNPKHvyjVf7gyjwS4xGTaW/mCnF8wnjtifKBEhxfZ7E/S8tQ0rssrwGNn6q8JH/ohItJfSQp9mBtQYuTlH5QnA==}

  nanoid@3.3.6:
    resolution: {integrity: sha512-BGcqMMJuToF7i1rt+2PWSNVnWIkGCU78jBG3RxO/bZlnZPK2Cmi2QaffxGO/2RvWi9sL+FAiRiXMgsyxQ1DIDA==}
    engines: {node: ^10 || ^12 || ^13.7 || ^14 || >=15.0.1}
    hasBin: true

  nanoid@3.3.8:
    resolution: {integrity: sha512-WNLf5Sd8oZxOm+TzppcYk8gVOgP+l58xNy58D0nbUnOxOWRWvlcCV4kUF7ltmI6PsrLl/BgKEyS4mqsGChFN0w==}
    engines: {node: ^10 || ^12 || ^13.7 || ^14 || >=15.0.1}
    hasBin: true

  object-hash@3.0.0:
    resolution: {integrity: sha512-RSn9F68PjH9HqtltsSnqYC1XXoWe9Bju5+213R98cNGttag9q9yAOTzdbsqvIa7aNm5WffBZFpWYr2aWrklWAw==}
    engines: {node: '>= 6'}

  ollama-ai-provider@1.2.0:
    resolution: {integrity: sha512-jTNFruwe3O/ruJeppI/quoOUxG7NA6blG3ZyQj3lei4+NnJo7bi3eIRWqlVpRlu/mbzbFXeJSBuYQWF6pzGKww==}
    engines: {node: '>=18'}
    peerDependencies:
      zod: ^3.0.0
    peerDependenciesMeta:
      zod:
        optional: true

  partial-json@0.1.7:
    resolution: {integrity: sha512-Njv/59hHaokb/hRUjce3Hdv12wd60MtM9Z5Olmn+nehe0QDAsRtRbJPvJ0Z91TusF0SuZRIvnM+S4l6EIP8leA==}

  picocolors@1.1.1:
    resolution: {integrity: sha512-xceH2snhtb5M9liqDsmEw56le376mTZkEX/jEb/RxNFyegNul7eNslCXP9FDj/Lcu0X8KEyMceP2ntpaHrDEVA==}

  postcss@8.5.1:
    resolution: {integrity: sha512-6oz2beyjc5VMn/KV1pPw8fliQkhBXrVn1Z3TVyqZxU8kZpzEKhBdmCFqI6ZbmGtamQvQGuU1sgPTk8ZrXDD7jQ==}
    engines: {node: ^10 || ^12 || >=14}

  react@19.0.0:
    resolution: {integrity: sha512-V8AVnmPIICiWpGfm6GLzCR/W5FXLchHop40W4nXBmdlEceh16rCN8O8LNWm5bh5XUX91fh7KpA+W0TgMKmgTpQ==}
    engines: {node: '>=0.10.0'}

  resolve-pkg-maps@1.0.0:
    resolution: {integrity: sha512-seS2Tj26TBVOC2NIc2rOe2y2ZO7efxITtLZcGSOnHHNOQ7CkiUBfw0Iw2ck6xkIhPwLhKNLS8BO+hEpngQlqzw==}

  secure-json-parse@2.7.0:
    resolution: {integrity: sha512-6aU+Rwsezw7VR8/nyvKTx8QpWH9FrcYiXXlqC4z5d5XQBDRqtbfsRjnwGyqbi3gddNtWHuEk9OANUotL26qKUw==}

  source-map-js@1.2.1:
    resolution: {integrity: sha512-UXWMKhLOwVKb728IUtQPXxfYU+usdybtUrK/8uGE8CQMvrhOpwvzDBwj0QhSL7MQc7vIsISBG8VQ8+IDQxpfQA==}
    engines: {node: '>=0.10.0'}

  sswr@2.1.0:
    resolution: {integrity: sha512-Cqc355SYlTAaUt8iDPaC/4DPPXK925PePLMxyBKuWd5kKc5mwsG3nT9+Mq2tyguL5s7b4Jg+IRMpTRsNTAfpSQ==}
    peerDependencies:
      svelte: ^4.0.0 || ^5.0.0-next.0

  svelte@5.19.2:
    resolution: {integrity: sha512-Ww1uLgdX5MdQrAO5zfU1dWUh6zqiPR6uIbwqm8a+4eQ+tNEYHRPgypvKKfHh9lmTkmJ30PWZ2O5qX8aS+PblRQ==}
    engines: {node: '>=18'}

  swr@2.3.0:
    resolution: {integrity: sha512-NyZ76wA4yElZWBHzSgEJc28a0u6QZvhb6w0azeL2k7+Q1gAzVK+IqQYXhVOC/mzi+HZIozrZvBVeSeOZNR2bqA==}
    peerDependencies:
      react: ^16.11.0 || ^17.0.0 || ^18.0.0 || ^19.0.0

  swrev@4.0.0:
    resolution: {integrity: sha512-LqVcOHSB4cPGgitD1riJ1Hh4vdmITOp+BkmfmXRh4hSF/t7EnS4iD+SOTmq7w5pPm/SiPeto4ADbKS6dHUDWFA==}

  swrv@1.1.0:
    resolution: {integrity: sha512-pjllRDr2s0iTwiE5Isvip51dZGR7GjLH1gCSVyE8bQnbAx6xackXsFdojau+1O5u98yHF5V73HQGOFxKUXO9gQ==}
    peerDependencies:
      vue: '>=3.2.26 < 4'

  throttleit@2.1.0:
    resolution: {integrity: sha512-nt6AMGKW1p/70DF/hGBdJB57B8Tspmbp5gfJ8ilhLnt7kkr2ye7hzD6NVG8GGErk2HWF34igrL2CXmNIkzKqKw==}
    engines: {node: '>=18'}

  tsx@4.19.2:
    resolution: {integrity: sha512-pOUl6Vo2LUq/bSa8S5q7b91cgNSjctn9ugq/+Mvow99qW6x/UZYwzxy/3NmqoT66eHYfCVvFvACC58UBPFf28g==}
    engines: {node: '>=18.0.0'}
    hasBin: true

  undici-types@6.20.0:
    resolution: {integrity: sha512-Ny6QZ2Nju20vw1SRHe3d9jVu6gJ+4e3+MMpqu7pqE5HT6WsTSlce++GQmK5UXS8mzV8DSYHrQH+Xrf2jVcuKNg==}

  use-sync-external-store@1.4.0:
    resolution: {integrity: sha512-9WXSPC5fMv61vaupRkCKCxsPxBocVnwakBEkMIHHpkTTg6icbJtg6jzgtLDm4bl3cSHAca52rYWih0k4K3PfHw==}
    peerDependencies:
      react: ^16.8.0 || ^17.0.0 || ^18.0.0 || ^19.0.0

  vue@3.5.13:
    resolution: {integrity: sha512-wmeiSMxkZCSc+PM2w2VRsOYAZC8GdipNFRTsLSfodVqI9mbejKeXEGr8SckuLnrQPGe3oJN5c3K0vpoU9q/wCQ==}
    peerDependencies:
      typescript: '*'
    peerDependenciesMeta:
      typescript:
        optional: true

  xstate@5.19.2:
    resolution: {integrity: sha512-B8fL2aP0ogn5aviAXFzI5oZseAMqN00fg/TeDa3ZtatyDcViYLIfuQl4y8qmHCiKZgGEzmnTyNtNQL9oeJE2gw==}

  zimmerframe@1.1.2:
    resolution: {integrity: sha512-rAbqEGa8ovJy4pyBxZM70hg4pE6gDgaQ0Sl9M3enG3I0d6H4XSAM3GeNGLKnsBpuijUow064sf7ww1nutC5/3w==}

  zod-to-json-schema@3.24.1:
    resolution: {integrity: sha512-3h08nf3Vw3Wl3PK+q3ow/lIil81IT2Oa7YpQyUUDsEWbXveMesdfK1xBd2RhCkynwZndAxixji/7SYJJowr62w==}
    peerDependencies:
      zod: ^3.24.1

  zod@3.24.1:
    resolution: {integrity: sha512-muH7gBL9sI1nciMZV67X5fTKKBLtwpZ5VBp1vsOQzj1MhrBZ4wlVCm3gedKZWLp0Oyel8sIGfeiz54Su+OVT+A==}

snapshots:

  '@ai-sdk/openai@0.0.40(zod@3.24.1)':
    dependencies:
      '@ai-sdk/provider': 1.0.6
      '@ai-sdk/provider-utils': 1.0.5(zod@3.24.1)
      zod: 3.24.1

  '@ai-sdk/openai@1.1.2(zod@3.24.1)':
    dependencies:
      '@ai-sdk/provider': 1.0.6
      '@ai-sdk/provider-utils': 2.1.2(patch_hash=4345ewzxou33gwd42vunudh27a)(zod@3.24.1)
      zod: 3.24.1

  '@ai-sdk/provider-utils@1.0.22(zod@3.24.1)':
    dependencies:
      '@ai-sdk/provider': 1.0.6
      eventsource-parser: 1.1.2
      nanoid: 3.3.8
      secure-json-parse: 2.7.0
    optionalDependencies:
      zod: 3.24.1

  '@ai-sdk/provider-utils@1.0.5(zod@3.24.1)':
    dependencies:
      '@ai-sdk/provider': 1.0.6
      eventsource-parser: 1.1.2
      nanoid: 3.3.6
      secure-json-parse: 2.7.0
    optionalDependencies:
      zod: 3.24.1

  '@ai-sdk/provider-utils@2.1.2(patch_hash=4345ewzxou33gwd42vunudh27a)(zod@3.24.1)':
    dependencies:
      '@ai-sdk/provider': 1.0.6
      eventsource-parser: 3.0.0
      nanoid: 3.3.8
      secure-json-parse: 2.7.0
    optionalDependencies:
      zod: 3.24.1

  '@ai-sdk/provider-utils@2.1.6(zod@3.24.1)':
    dependencies:
      '@ai-sdk/provider': 1.0.6
      eventsource-parser: 3.0.0
      nanoid: 3.3.8
      secure-json-parse: 2.7.0
    optionalDependencies:
      zod: 3.24.1

  '@ai-sdk/provider@1.0.6':
    dependencies:
      json-schema: 0.4.0

  '@ai-sdk/react@0.0.70(react@19.0.0)(zod@3.24.1)':
    dependencies:
      '@ai-sdk/provider-utils': 1.0.22(zod@3.24.1)
      '@ai-sdk/ui-utils': 0.0.50(zod@3.24.1)
      swr: 2.3.0(react@19.0.0)
      throttleit: 2.1.0
    optionalDependencies:
      react: 19.0.0
      zod: 3.24.1

  '@ai-sdk/react@1.1.10(react@19.0.0)(zod@3.24.1)':
    dependencies:
      '@ai-sdk/provider-utils': 2.1.6(zod@3.24.1)
      '@ai-sdk/ui-utils': 1.1.10(zod@3.24.1)
      swr: 2.3.0(react@19.0.0)
      throttleit: 2.1.0
    optionalDependencies:
      react: 19.0.0
      zod: 3.24.1

  '@ai-sdk/solid@0.0.54(zod@3.24.1)':
    dependencies:
      '@ai-sdk/provider-utils': 1.0.22(zod@3.24.1)
      '@ai-sdk/ui-utils': 0.0.50(zod@3.24.1)
    transitivePeerDependencies:
      - zod

  '@ai-sdk/svelte@0.0.57(svelte@5.19.2)(zod@3.24.1)':
    dependencies:
      '@ai-sdk/provider-utils': 1.0.22(zod@3.24.1)
      '@ai-sdk/ui-utils': 0.0.50(zod@3.24.1)
      sswr: 2.1.0(svelte@5.19.2)
    optionalDependencies:
      svelte: 5.19.2
    transitivePeerDependencies:
      - zod

  '@ai-sdk/ui-utils@0.0.50(zod@3.24.1)':
    dependencies:
      '@ai-sdk/provider': 1.0.6
      '@ai-sdk/provider-utils': 1.0.22(zod@3.24.1)
      json-schema: 0.4.0
      secure-json-parse: 2.7.0
      zod-to-json-schema: 3.24.1(zod@3.24.1)
    optionalDependencies:
      zod: 3.24.1

  '@ai-sdk/ui-utils@1.1.10(zod@3.24.1)':
    dependencies:
      '@ai-sdk/provider': 1.0.6
      '@ai-sdk/provider-utils': 2.1.6(zod@3.24.1)
      zod-to-json-schema: 3.24.1(zod@3.24.1)
    optionalDependencies:
      zod: 3.24.1

  '@ai-sdk/vue@0.0.59(vue@3.5.13)(zod@3.24.1)':
    dependencies:
      '@ai-sdk/provider-utils': 1.0.22(zod@3.24.1)
      '@ai-sdk/ui-utils': 0.0.50(zod@3.24.1)
      swrv: 1.1.0(vue@3.5.13)
    optionalDependencies:
      vue: 3.5.13
    transitivePeerDependencies:
      - zod

  '@ampproject/remapping@2.3.0':
    dependencies:
      '@jridgewell/gen-mapping': 0.3.8
      '@jridgewell/trace-mapping': 0.3.25

  '@babel/helper-string-parser@7.25.9': {}

  '@babel/helper-validator-identifier@7.25.9': {}

  '@babel/parser@7.26.5':
    dependencies:
      '@babel/types': 7.26.5

  '@babel/types@7.26.5':
    dependencies:
      '@babel/helper-string-parser': 7.25.9
      '@babel/helper-validator-identifier': 7.25.9

  '@esbuild/aix-ppc64@0.23.1':
    optional: true

  '@esbuild/android-arm64@0.23.1':
    optional: true

  '@esbuild/android-arm@0.23.1':
    optional: true

  '@esbuild/android-x64@0.23.1':
    optional: true

  '@esbuild/darwin-arm64@0.23.1':
    optional: true

  '@esbuild/darwin-x64@0.23.1':
    optional: true

  '@esbuild/freebsd-arm64@0.23.1':
    optional: true

  '@esbuild/freebsd-x64@0.23.1':
    optional: true

  '@esbuild/linux-arm64@0.23.1':
    optional: true

  '@esbuild/linux-arm@0.23.1':
    optional: true

  '@esbuild/linux-ia32@0.23.1':
    optional: true

  '@esbuild/linux-loong64@0.23.1':
    optional: true

  '@esbuild/linux-mips64el@0.23.1':
    optional: true

  '@esbuild/linux-ppc64@0.23.1':
    optional: true

  '@esbuild/linux-riscv64@0.23.1':
    optional: true

  '@esbuild/linux-s390x@0.23.1':
    optional: true

  '@esbuild/linux-x64@0.23.1':
    optional: true

  '@esbuild/netbsd-x64@0.23.1':
    optional: true

  '@esbuild/openbsd-arm64@0.23.1':
    optional: true

  '@esbuild/openbsd-x64@0.23.1':
    optional: true

  '@esbuild/sunos-x64@0.23.1':
    optional: true

  '@esbuild/win32-arm64@0.23.1':
    optional: true

  '@esbuild/win32-ia32@0.23.1':
    optional: true

  '@esbuild/win32-x64@0.23.1':
    optional: true

  '@jridgewell/gen-mapping@0.3.8':
    dependencies:
      '@jridgewell/set-array': 1.2.1
      '@jridgewell/sourcemap-codec': 1.5.0
      '@jridgewell/trace-mapping': 0.3.25

  '@jridgewell/resolve-uri@3.1.2': {}

  '@jridgewell/set-array@1.2.1': {}

  '@jridgewell/sourcemap-codec@1.5.0': {}

  '@jridgewell/trace-mapping@0.3.25':
    dependencies:
      '@jridgewell/resolve-uri': 3.1.2
      '@jridgewell/sourcemap-codec': 1.5.0

  '@opentelemetry/api@1.9.0': {}

  '@statelyai/agent@1.1.6(react@19.0.0)(sswr@2.1.0(svelte@5.19.2))(svelte@5.19.2)(vue@3.5.13)(zod@3.24.1)':
    dependencies:
      '@ai-sdk/openai': 0.0.40(zod@3.24.1)
      '@xstate/graph': 2.0.1(xstate@5.19.2)
      ai: 3.4.33(react@19.0.0)(sswr@2.1.0(svelte@5.19.2))(svelte@5.19.2)(vue@3.5.13)(zod@3.24.1)
      object-hash: 3.0.0
      xstate: 5.19.2
    transitivePeerDependencies:
      - openai
      - react
      - solid-js
      - sswr
      - svelte
      - vue
      - zod

  '@types/diff-match-patch@1.0.36': {}

  '@types/estree@1.0.6': {}

  '@types/node@22.13.1':
    dependencies:
      undici-types: 6.20.0

  '@vue/compiler-core@3.5.13':
    dependencies:
      '@babel/parser': 7.26.5
      '@vue/shared': 3.5.13
      entities: 4.5.0
      estree-walker: 2.0.2
      source-map-js: 1.2.1

  '@vue/compiler-dom@3.5.13':
    dependencies:
      '@vue/compiler-core': 3.5.13
      '@vue/shared': 3.5.13

  '@vue/compiler-sfc@3.5.13':
    dependencies:
      '@babel/parser': 7.26.5
      '@vue/compiler-core': 3.5.13
      '@vue/compiler-dom': 3.5.13
      '@vue/compiler-ssr': 3.5.13
      '@vue/shared': 3.5.13
      estree-walker: 2.0.2
      magic-string: 0.30.17
      postcss: 8.5.1
      source-map-js: 1.2.1

  '@vue/compiler-ssr@3.5.13':
    dependencies:
      '@vue/compiler-dom': 3.5.13
      '@vue/shared': 3.5.13

  '@vue/reactivity@3.5.13':
    dependencies:
      '@vue/shared': 3.5.13

  '@vue/runtime-core@3.5.13':
    dependencies:
      '@vue/reactivity': 3.5.13
      '@vue/shared': 3.5.13

  '@vue/runtime-dom@3.5.13':
    dependencies:
      '@vue/reactivity': 3.5.13
      '@vue/runtime-core': 3.5.13
      '@vue/shared': 3.5.13
      csstype: 3.1.3

  '@vue/server-renderer@3.5.13(vue@3.5.13)':
    dependencies:
      '@vue/compiler-ssr': 3.5.13
      '@vue/shared': 3.5.13
      vue: 3.5.13

  '@vue/shared@3.5.13': {}

  '@xstate/graph@2.0.1(xstate@5.19.2)':
    dependencies:
      xstate: 5.19.2

  acorn-typescript@1.4.13(acorn@8.14.0):
    dependencies:
      acorn: 8.14.0

  acorn@8.14.0: {}

  ai@3.4.33(react@19.0.0)(sswr@2.1.0(svelte@5.19.2))(svelte@5.19.2)(vue@3.5.13)(zod@3.24.1):
    dependencies:
      '@ai-sdk/provider': 1.0.6
      '@ai-sdk/provider-utils': 1.0.22(zod@3.24.1)
      '@ai-sdk/react': 0.0.70(react@19.0.0)(zod@3.24.1)
      '@ai-sdk/solid': 0.0.54(zod@3.24.1)
      '@ai-sdk/svelte': 0.0.57(svelte@5.19.2)(zod@3.24.1)
      '@ai-sdk/ui-utils': 0.0.50(zod@3.24.1)
      '@ai-sdk/vue': 0.0.59(vue@3.5.13)(zod@3.24.1)
      '@opentelemetry/api': 1.9.0
      eventsource-parser: 1.1.2
      json-schema: 0.4.0
      jsondiffpatch: 0.6.0
      secure-json-parse: 2.7.0
      zod-to-json-schema: 3.24.1(zod@3.24.1)
    optionalDependencies:
      react: 19.0.0
      sswr: 2.1.0(svelte@5.19.2)
      svelte: 5.19.2
      zod: 3.24.1
    transitivePeerDependencies:
      - solid-js
      - vue

  ai@4.1.25(react@19.0.0)(zod@3.24.1):
    dependencies:
      '@ai-sdk/provider': 1.0.6
      '@ai-sdk/provider-utils': 2.1.6(zod@3.24.1)
      '@ai-sdk/react': 1.1.10(react@19.0.0)(zod@3.24.1)
      '@ai-sdk/ui-utils': 1.1.10(zod@3.24.1)
      '@opentelemetry/api': 1.9.0
      jsondiffpatch: 0.6.0
    optionalDependencies:
      react: 19.0.0
      zod: 3.24.1

  aria-query@5.3.2: {}

  axobject-query@4.1.0: {}

  chalk@5.4.1: {}

  clsx@2.1.1: {}

  csstype@3.1.3: {}

  dequal@2.0.3: {}

  diff-match-patch@1.0.5: {}

  entities@4.5.0: {}

  esbuild@0.23.1:
    optionalDependencies:
      '@esbuild/aix-ppc64': 0.23.1
      '@esbuild/android-arm': 0.23.1
      '@esbuild/android-arm64': 0.23.1
      '@esbuild/android-x64': 0.23.1
      '@esbuild/darwin-arm64': 0.23.1
      '@esbuild/darwin-x64': 0.23.1
      '@esbuild/freebsd-arm64': 0.23.1
      '@esbuild/freebsd-x64': 0.23.1
      '@esbuild/linux-arm': 0.23.1
      '@esbuild/linux-arm64': 0.23.1
      '@esbuild/linux-ia32': 0.23.1
      '@esbuild/linux-loong64': 0.23.1
      '@esbuild/linux-mips64el': 0.23.1
      '@esbuild/linux-ppc64': 0.23.1
      '@esbuild/linux-riscv64': 0.23.1
      '@esbuild/linux-s390x': 0.23.1
      '@esbuild/linux-x64': 0.23.1
      '@esbuild/netbsd-x64': 0.23.1
      '@esbuild/openbsd-arm64': 0.23.1
      '@esbuild/openbsd-x64': 0.23.1
      '@esbuild/sunos-x64': 0.23.1
      '@esbuild/win32-arm64': 0.23.1
      '@esbuild/win32-ia32': 0.23.1
      '@esbuild/win32-x64': 0.23.1

  esm-env@1.2.2: {}

  esrap@1.4.3:
    dependencies:
      '@jridgewell/sourcemap-codec': 1.5.0

  estree-walker@2.0.2: {}

  eventsource-parser@1.1.2: {}

  eventsource-parser@3.0.0: {}

  fsevents@2.3.3:
    optional: true

  get-tsconfig@4.10.0:
    dependencies:
      resolve-pkg-maps: 1.0.0

  is-reference@3.0.3:
    dependencies:
      '@types/estree': 1.0.6

  json-schema@0.4.0: {}

  jsondiffpatch@0.6.0:
    dependencies:
      '@types/diff-match-patch': 1.0.36
      chalk: 5.4.1
      diff-match-patch: 1.0.5

  locate-character@3.0.0: {}

  magic-string@0.30.17:
    dependencies:
      '@jridgewell/sourcemap-codec': 1.5.0

  nanoid@3.3.6: {}

  nanoid@3.3.8: {}

  object-hash@3.0.0: {}

  ollama-ai-provider@1.2.0(zod@3.24.1):
    dependencies:
      '@ai-sdk/provider': 1.0.6
      '@ai-sdk/provider-utils': 2.1.2(patch_hash=4345ewzxou33gwd42vunudh27a)(zod@3.24.1)
      partial-json: 0.1.7
    optionalDependencies:
      zod: 3.24.1

  partial-json@0.1.7: {}

  picocolors@1.1.1: {}

  postcss@8.5.1:
    dependencies:
      nanoid: 3.3.8
      picocolors: 1.1.1
      source-map-js: 1.2.1

  react@19.0.0: {}

  resolve-pkg-maps@1.0.0: {}

  secure-json-parse@2.7.0: {}

  source-map-js@1.2.1: {}

  sswr@2.1.0(svelte@5.19.2):
    dependencies:
      svelte: 5.19.2
      swrev: 4.0.0

  svelte@5.19.2:
    dependencies:
      '@ampproject/remapping': 2.3.0
      '@jridgewell/sourcemap-codec': 1.5.0
      '@types/estree': 1.0.6
      acorn: 8.14.0
      acorn-typescript: 1.4.13(acorn@8.14.0)
      aria-query: 5.3.2
      axobject-query: 4.1.0
      clsx: 2.1.1
      esm-env: 1.2.2
      esrap: 1.4.3
      is-reference: 3.0.3
      locate-character: 3.0.0
      magic-string: 0.30.17
      zimmerframe: 1.1.2

  swr@2.3.0(react@19.0.0):
    dependencies:
      dequal: 2.0.3
      react: 19.0.0
      use-sync-external-store: 1.4.0(react@19.0.0)

  swrev@4.0.0: {}

  swrv@1.1.0(vue@3.5.13):
    dependencies:
      vue: 3.5.13

  throttleit@2.1.0: {}

  tsx@4.19.2:
    dependencies:
      esbuild: 0.23.1
      get-tsconfig: 4.10.0
    optionalDependencies:
      fsevents: 2.3.3

  undici-types@6.20.0: {}

  use-sync-external-store@1.4.0(react@19.0.0):
    dependencies:
      react: 19.0.0

  vue@3.5.13:
    dependencies:
      '@vue/compiler-dom': 3.5.13
      '@vue/compiler-sfc': 3.5.13
      '@vue/runtime-dom': 3.5.13
      '@vue/server-renderer': 3.5.13(vue@3.5.13)
      '@vue/shared': 3.5.13

  xstate@5.19.2: {}

  zimmerframe@1.1.2: {}

  zod-to-json-schema@3.24.1(zod@3.24.1):
    dependencies:
      zod: 3.24.1

  zod@3.24.1: {}
